{
  "requires": true,
  "lockfileVersion": 1,
  "dependencies": {
    "@salesforce-ux/design-system": {
      "version": "2.10.0",
      "resolved": "https://registry.npmjs.org/@salesforce-ux/design-system/-/design-system-2.10.0.tgz",
      "integrity": "sha512-lHzZ41l24XdcsDYD/Je0ScxgAqlta7Tb1kgY67sQ/u2SP9jxapunHToRmso9BaM1n37cPgyaakQmKcG0G6dl2Q=="
    }
  }
}
